hash: ec90c4206ef288d4b3ec863fd5d606d999757af81f306a5906c326456e5cb402
updated: 2018-02-05T13:24:17.645154+01:00
imports:
- name: github.com/aryann/difflib
  version: a1a4dd44eb11820695fbe83e00fb2301ee6eb54c
- name: github.com/BurntSushi/toml
  version: b26d9c308763d68093482582cea63d69be07a0f0
- name: github.com/ghodss/yaml
  version: 73d445a93680fa1a78ae23a5839bad48f32ba1ee
- name: github.com/gobwas/glob
  version: bea32b9cd2d6f55753d94a28e959b13f0244797a
  subpackages:
  - compiler
  - match
  - syntax
  - syntax/ast
  - syntax/lexer
  - util/runes
  - util/strings
- name: github.com/golang/protobuf
  version: 4bd1920723d7b7c925de087aa32e2187708897f7
  subpackages:
  - proto
  - ptypes
  - ptypes/any
  - ptypes/duration
  - ptypes/timestamp
- name: github.com/inconshreveable/mousetrap
  version: 76626ae9c91c4f2a10f34cad8ce83ea42c93bb75
- name: github.com/Masterminds/semver
  version: 517734cc7d6470c0d07130e40fd40bdeb9bcd3fd
- name: github.com/mattn/go-colorable
  version: ded68f7a9561c023e790de24279db7ebf473ea80
- name: github.com/mattn/go-isatty
  version: fc9e8d8ef48496124e79ae0df75490096eccf6fe
- name: github.com/mgutz/ansi
  version: 9520e82c474b0a04dd04f8a40959027271bab992
- name: github.com/spf13/cobra
  version: f62e98d28ab7ad31d707ba837a966378465c7b57
- name: github.com/spf13/pflag
  version: 9ff6c6923cfffbcd502984b8e0c80539a94968b7
- name: golang.org/x/crypto
  version: 81e90905daefcd6fd217b62423c0908922eadb30
  subpackages:
  - cast5
  - openpgp
  - openpgp/armor
  - openpgp/clearsign
  - openpgp/elgamal
  - openpgp/errors
  - openpgp/packet
  - openpgp/s2k
- name: golang.org/x/net
  version: 1c05540f6879653db88113bc4a2b70aec4bd491f
  subpackages:
  - context
  - http2
  - http2/hpack
  - idna
  - internal/timeseries
  - lex/httplex
  - trace
- name: golang.org/x/sys
  version: 43eea11bc92608addb41b8a406b0407495c106f6
  subpackages:
  - unix
  - windows
- name: golang.org/x/text
  version: b19bf474d317b857955b12035d2c5acb57ce8b01
  subpackages:
  - secure/bidirule
  - transform
  - unicode/bidi
  - unicode/norm
- name: google.golang.org/genproto
  version: 4eb30f4778eed4c258ba66527a0d4f9ec8a36c45
  subpackages:
  - googleapis/rpc/status
- name: google.golang.org/grpc
  version: 5ffe3083946d5603a0578721101dc8165b1d5b5f
  subpackages:
  - balancer
  - codes
  - connectivity
  - credentials
  - grpclb/grpc_lb_v1/messages
  - grpclog
  - internal
  - keepalive
  - metadata
  - naming
  - peer
  - resolver
  - stats
  - status
  - tap
  - transport
- name: gopkg.in/yaml.v2
  version: 53feefa2559fb8dfa8d81baad31be332c97d6c77
- name: k8s.io/api
  version: 006a217681ae70cbacdd66a5e2fca1a61a8ff28e
- name: k8s.io/apimachinery
  version: 68f9c3a1feb3140df59c67ced62d3a5df8e6c9c2
  subpackages:
  - pkg/version
- name: k8s.io/client-go
  version: e2d750fcad023e759abc09adcbe3706a6126020d
  subpackages:
  - util/homedir
- name: k8s.io/helm
  version: 14af25f1de6832228539259b821949d20069a222
  subpackages:
  - pkg/chartutil
  - pkg/downloader
  - pkg/getter
  - pkg/helm
  - pkg/helm/environment
  - pkg/helm/helmpath
  - pkg/ignore
  - pkg/plugin
  - pkg/proto/hapi/chart
  - pkg/proto/hapi/release
  - pkg/proto/hapi/services
  - pkg/proto/hapi/version
  - pkg/provenance
  - pkg/repo
  - pkg/resolver
  - pkg/strvals
  - pkg/sympath
  - pkg/tlsutil
  - pkg/urlutil
  - pkg/version
testImports: []
