cloud.google.com/go v0.26.0/go.mod h1:aQUYkXzVsufM+DwF1aE+0xfcU+56JwCaLick0ClmMTw=
github.com/BurntSushi/toml v0.3.1 h1:WXkYYl6Yr3qBf1K79EBnL4mak0OimBfB0XUf9Vl28OQ=
github.com/BurntSushi/toml v0.3.1/go.mod h1:xHWCNGjB5oqiDr8zfno3MHue2Ht5sIBksp03qcyfWMU=
github.com/Masterminds/goutils v1.1.0 h1:zukEsf/1JZwCMgHiK3GZftabmxiCw4apj3a28RPBiVg=
github.com/Masterminds/goutils v1.1.0/go.mod h1:8cTjp+g8YejhMuvIA5y2vz3BpJxksy863GQaJW2MFNU=
github.com/Masterminds/semver v1.3.1 h1:4CEBDLZtuloRJFiIzzlR/VcQOCiFzhaaa7hE4DEB97Y=
github.com/Masterminds/semver v1.3.1/go.mod h1:MB6lktGJrhw8PrUyiEoblNEGEQ+RzHPF078ddwwvV3Y=
github.com/Masterminds/sprig v2.19.0+incompatible h1:xTFLLXzR0JJGQe7M492jAOJ9F3jpYdNiWcL8h9JOV8Y=
github.com/Masterminds/sprig v2.19.0+incompatible/go.mod h1:y6hNFY5UBTIWBxnzTeuNhlNS5hqE0NB0E6fgfo2Br3o=
github.com/aryann/difflib v0.0.0-20170226194404-a1a4dd44eb11 h1:QpugS7tA7YRLqJqbNdrZtwP7LSO24ehF4PKFxR+yb9E=
github.com/aryann/difflib v0.0.0-20170226194404-a1a4dd44eb11/go.mod h1:DAHtR1m6lCRdSC2Tm3DSWRPvIPr6xNKyeHdqDQSQT+A=
github.com/client9/misspell v0.3.4/go.mod h1:qj6jICC3Q7zFZvVWo7KLAzC3yx5G7kyvSDkc90ppPyw=
github.com/davecgh/go-spew v1.1.0 h1:ZDRjVQ15GmhC3fiQ8ni8+OwkZQO4DARzQgrnXU1Liz8=
github.com/davecgh/go-spew v1.1.0/go.mod h1:J7Y8YcW2NihsgmVo/mv3lAwl/skON4iLHjSsI+c5H38=
github.com/ghodss/yaml v0.0.0-20150909031657-73d445a93680 h1:ZktWZesgun21uEDrwW7iEV1zPCGQldM2atlJZ3TdvVM=
github.com/ghodss/yaml v0.0.0-20150909031657-73d445a93680/go.mod h1:4dBDuWmgqj2HViK6kFavaiC9ZROes6MMH2rRYeMEF04=
github.com/gobwas/glob v0.2.3 h1:A4xDbljILXROh+kObIiy5kIaPYD8e96x1tgBhUI5J+Y=
github.com/gobwas/glob v0.2.3/go.mod h1:d3Ez4x06l9bZtSvzIay5+Yzi0fmZzPgnTbPcKjJAkT8=
github.com/golang/glog v0.0.0-20160126235308-23def4e6c14b h1:VKtxabqXZkF25pY9ekfRL6a582T4P37/31XEstQ5p58=
github.com/golang/glog v0.0.0-20160126235308-23def4e6c14b/go.mod h1:SBH7ygxi8pfUlaOkMMuAQtPIUF8ecWP5IEl/CR7VP2Q=
github.com/golang/mock v1.1.1/go.mod h1:oTYuIxOrZwtPieC+H1uAHpcLFnEyAGVDL/k47Jfbm0A=
github.com/golang/protobuf v1.2.0 h1:P3YflyNX/ehuJFLhxviNdFxQPkGK5cDcApsge1SqnvM=
github.com/golang/protobuf v1.2.0/go.mod h1:6lQm79b+lXiMfvg/cZm0SGofjICqVBUtrP5yJMmIC1U=
github.com/google/uuid v0.0.0-20161128191214-064e2069ce9c h1:jWtZjFEUE/Bz0IeIhqCnyZ3HG6KRXSntXe4SjtuTH7c=
github.com/google/uuid v0.0.0-20161128191214-064e2069ce9c/go.mod h1:TIyPZe4MgqvfeYDBFedMoGGpEw/LqOeaOT+nhxU+yHo=
github.com/huandu/xstrings v1.2.0 h1:yPeWdRnmynF7p+lLYz0H2tthW9lqhMJrQV/U7yy4wX0=
github.com/huandu/xstrings v1.2.0/go.mod h1:DvyZB1rfVYsBIigL8HwpZgxHwXozlTgGqn63UyNX5k4=
github.com/imdario/mergo v0.3.7 h1:Y+UAYTZ7gDEuOfhxKWy+dvb5dRQ6rJjFSdX2HZY1/gI=
github.com/imdario/mergo v0.3.7/go.mod h1:2EnlNZ0deacrJVfApfmtdGgDfMuh/nq6Ok1EcJh5FfA=
github.com/inconshreveable/mousetrap v1.0.0 h1:Z8tu5sraLXCXIcARxBp/8cbvlwVa7Z1NHg9XEKhtSvM=
github.com/inconshreveable/mousetrap v1.0.0/go.mod h1:PxqpIevigyE2G7u3NXJIT2ANytuPF1OarO4DADm73n8=
github.com/kr/pretty v0.1.0 h1:L/CwN0zerZDmRFUapSPitk6f+Q3+0za1rQkzVuMiMFI=
github.com/kr/pretty v0.1.0/go.mod h1:dAy3ld7l9f0ibDNOQOHHMYYIIbhfbHSm3C4ZsoJORNo=
github.com/kr/pty v1.1.1/go.mod h1:pFQYn66WHrOpPYNljwOMqo10TkYh1fy3cYio2l3bCsQ=
github.com/kr/text v0.1.0 h1:45sCR5RtlFHMR4UwH9sdQ5TC8v0qDQCHnXt+kaKSTVE=
github.com/kr/text v0.1.0/go.mod h1:4Jbv+DJW3UT/LiOwJeYQe1efqtUx/iVham/4vfdArNI=
github.com/mattn/go-colorable v0.0.8-0.20170327083344-ded68f7a9561 h1:R5/G/qosIodRvxk76maYbRE1PvKfR3QBKicfJ7dpUko=
github.com/mattn/go-colorable v0.0.8-0.20170327083344-ded68f7a9561/go.mod h1:9vuHe8Xs5qXnSaW/c/ABM9alt+Vo+STaOChaDxuIBZU=
github.com/mattn/go-isatty v0.0.2 h1:F+DnWktyadxnOrohKLNUC9/GjFii5RJgY4GFG6ilggw=
github.com/mattn/go-isatty v0.0.2/go.mod h1:M+lRXTBqGeGNdLjl/ufCoiOlB5xdOkqRJdNxMWT7Zi4=
github.com/mgutz/ansi v0.0.0-20170206155736-9520e82c474b h1:j7+1HpAFS1zy5+Q4qx1fWh90gTKwiN4QCGoY9TWyyO4=
github.com/mgutz/ansi v0.0.0-20170206155736-9520e82c474b/go.mod h1:01TrycV0kFyexm33Z7vhZRXopbI8J3TDReVlkTgMUxE=
github.com/pmezard/go-difflib v1.0.0 h1:4DBwDE0NGyQoBHbLQYPwSUPoCMWR5BEzIk/f1lZbAQM=
github.com/pmezard/go-difflib v1.0.0/go.mod h1:iKH77koFhYxTK1pcRnkKkqfTogsbg7gZNVY4sRDYZ/4=
github.com/spf13/cobra v0.0.3-0.20180412120829-615425954c3b h1:WMO1gu4G1+GR8eRZI95/r2An5NV9sFZljtg8JezOEb0=
github.com/spf13/cobra v0.0.3-0.20180412120829-615425954c3b/go.mod h1:1l0Ry5zgKvJasoi3XT1TypsSe7PqH0Sj9dhYf7v3XqQ=
github.com/spf13/pflag v1.0.1 h1:aCvUg6QPl3ibpQUxyLkrEkCHtPqYJL4x9AuhqVqFis4=
github.com/spf13/pflag v1.0.1/go.mod h1:DYY7MBk1bdzusC3SYhjObp+wFpr4gzcvqqNjLnInEg4=
github.com/stretchr/objx v0.1.0/go.mod h1:HFkY916IF+rwdDfMAkV7OtwuqBVzrE8GR6GFx+wExME=
github.com/stretchr/testify v1.4.0 h1:2E4SXV/wtOkTonXsotYi4li6zVWxYlZuYNCXe9XRJyk=
github.com/stretchr/testify v1.4.0/go.mod h1:j7eGeouHqKxXV5pUuKE4zz7dFj8WfuZ+81PSLYec5m4=
golang.org/x/crypto v0.0.0-20180222182404-49796115aa4b h1:/GxqO8gbyb+sNnviFY2IIMrtm8vGg6NEJDft68wJY/g=
golang.org/x/crypto v0.0.0-20180222182404-49796115aa4b/go.mod h1:6SG95UA2DQfeDnfUPMdvaQW0Q7yPrPDi9nlGo2tz2b4=
golang.org/x/exp v0.0.0-20190121172915-509febef88a4/go.mod h1:CJ0aWSM057203Lf6IL+f9T1iT9GByDxfZKAQTCR3kQA=
golang.org/x/lint v0.0.0-20181026193005-c67002cb31c3/go.mod h1:UVdnD1Gm6xHRNCYTkRU2/jEulfH38KcIWyp/GAMgvoE=
golang.org/x/lint v0.0.0-20190227174305-5b3e6a55c961/go.mod h1:wehouNa3lNwaWXcvxsM5YxQ5yQlVC4a0KAMCusXpPoU=
golang.org/x/net v0.0.0-20180724234803-3673e40ba225/go.mod h1:mL1N/T3taQHkDXs73rZJwtUhF3w3ftmwwsq0BUmARs4=
golang.org/x/net v0.0.0-20180826012351-8a410e7b638d/go.mod h1:mL1N/T3taQHkDXs73rZJwtUhF3w3ftmwwsq0BUmARs4=
golang.org/x/net v0.0.0-20190213061140-3a22650c66bd h1:HuTn7WObtcDo9uEEU7rEqL0jYthdXAmZ6PP+meazmaU=
golang.org/x/net v0.0.0-20190213061140-3a22650c66bd/go.mod h1:mL1N/T3taQHkDXs73rZJwtUhF3w3ftmwwsq0BUmARs4=
golang.org/x/oauth2 v0.0.0-20180821212333-d2e6202438be/go.mod h1:N/0e6XlmueqKjAGxoOufVs8QHGRruUQn6yWY3a++T0U=
golang.org/x/sync v0.0.0-20180314180146-1d60e4601c6f/go.mod h1:RxMgew5VJxzue5/jJTE5uejpjVlOe/izrB70Jof72aM=
golang.org/x/sync v0.0.0-20181108010431-42b317875d0f/go.mod h1:RxMgew5VJxzue5/jJTE5uejpjVlOe/izrB70Jof72aM=
golang.org/x/sync v0.0.0-20190227155943-e225da77a7e6 h1:bjcUS9ztw9kFmmIxJInhon/0Is3p+EHBKNgquIzo1OI=
golang.org/x/sync v0.0.0-20190227155943-e225da77a7e6/go.mod h1:RxMgew5VJxzue5/jJTE5uejpjVlOe/izrB70Jof72aM=
golang.org/x/sys v0.0.0-20180830151530-49385e6e1522 h1:Ve1ORMCxvRmSXBwJK+t3Oy+V2vRW2OetUQBq4rJIkZE=
golang.org/x/sys v0.0.0-20180830151530-49385e6e1522/go.mod h1:STP8DvDyc/dI5b8T5hshtkjS+E42TnysNCUPdjciGhY=
golang.org/x/text v0.3.0 h1:g61tztE5qeGQ89tm6NTjjM9VPIm088od1l6aSorWRWg=
golang.org/x/text v0.3.0/go.mod h1:NqM8EUOU14njkJ3fqMW+pc6Ldnwhi/IjpwHt7yyuwOQ=
golang.org/x/tools v0.0.0-20190114222345-bf090417da8b/go.mod h1:n7NCudcB/nEzxVGmLbDWY5pfWTLqBcC2KZ6jyYvM4mQ=
golang.org/x/tools v0.0.0-20190226205152-f727befe758c/go.mod h1:9Yl7xja0Znq3iFh3HoIrodX9oNMXvdceNzlUR8zjMvY=
google.golang.org/appengine v1.1.0/go.mod h1:EbEs0AVv82hx2wNQdGPgUI5lhzA/G0D9YwlJXL52JkM=
google.golang.org/appengine v1.4.0/go.mod h1:xpcJRLb0r/rnEns0DIKYYv+WjYCduHsrkT7/EB5XEv4=
google.golang.org/genproto v0.0.0-20180817151627-c66870c02cf8/go.mod h1:JiN7NxoALGmiZfu7CAH4rXhgtRTLTxftemlI0sWmxmc=
google.golang.org/genproto v0.0.0-20190327125643-d831d65fe17d h1:XB2jc5XQ9uhizGTS2vWcN01bc4dI6z3C4KY5MQm8SS8=
google.golang.org/genproto v0.0.0-20190327125643-d831d65fe17d/go.mod h1:VzzqZJRnGkLBvHegQrXjBqPurQTc5/KpmUdxsrq26oE=
google.golang.org/grpc v1.19.0 h1:cfg4PD8YEdSFnm7qLV4++93WcmhH2nIUhMjhdCvl3j8=
google.golang.org/grpc v1.19.0/go.mod h1:mqu4LbDTu4XGKhr4mRzUsmM4RtVoemTSY81AxZiDr8c=
gopkg.in/check.v1 v0.0.0-20161208181325-20d25e280405/go.mod h1:Co6ibVJAznAaIkqp8huTwlJQCZ016jof/cbN4VW5Yz0=
gopkg.in/check.v1 v1.0.0-20190902080502-41f04d3bba15 h1:YR8cESwS4TdDjEe65xsg0ogRM/Nc3DYOhEAlW+xobZo=
gopkg.in/check.v1 v1.0.0-20190902080502-41f04d3bba15/go.mod h1:Co6ibVJAznAaIkqp8huTwlJQCZ016jof/cbN4VW5Yz0=
gopkg.in/yaml.v2 v2.2.2 h1:ZCJp+EgiOT7lHqUV2J862kp8Qj64Jo6az82+3Td9dZw=
gopkg.in/yaml.v2 v2.2.2/go.mod h1:hI93XBmqTisBFMUTm0b8Fm+jr3Dg1NNxqwp+5A1VGuI=
honnef.co/go/tools v0.0.0-20190102054323-c2f93a96b099/go.mod h1:rf3lG4BRIbNafJWhAfAdb/ePZxsR/4RtNHQocxwk9r4=
k8s.io/apimachinery v0.0.0-20180621070125-103fd098999d h1:MZjlsu9igBoVPZkXpIGoxI6EonqNsXXZU7hhvfQLkd4=
k8s.io/apimachinery v0.0.0-20180621070125-103fd098999d/go.mod h1:ccL7Eh7zubPUSh9A3USN90/OzHNSVN6zxzde07TDCL0=
k8s.io/client-go v0.0.0-20180718001006-59698c7d9724 h1:6gXlQ4rPEmQ86ugMoxdryE8Pu/+2tvcN7ulE74xAWcw=
k8s.io/client-go v0.0.0-20180718001006-59698c7d9724/go.mod h1:7vJpHMYJwNQCWgzmNV+VYUl1zCObLyodBc8nIyt8L5s=
k8s.io/helm v2.11.0+incompatible h1:MJs0HNeBrvem8rucMPDqXDtWwTM9lkP5d1L7xGd7JNA=
k8s.io/helm v2.11.0+incompatible/go.mod h1:LZzlS4LQBHfciFOurYBFkCMTaZ0D1l+p0teMg7TSULI=
